<?xml version="1.0" encoding="UTF-8" standalone="yes" ?>
<CodeBlocks_project_file>
	<FileVersion major="1" minor="6" />
	<Project>
		<Option title="opengl-rpg" />
		<Option pch_mode="2" />
		<Option compiler="gcc" />
		<Build>
			<Target title="Debug">
				<Option output="bin/Debug/opengl-rpg" prefix_auto="1" extension_auto="1" />
				<Option object_output="obj/Debug/" />
				<Option type="1" />
				<Option compiler="gcc" />
				<Compiler>
					<Add option="-g" />
					<Add option="-lglfw -lglut -lGL -lGLEW" />
					<Add directory="/usr/include" />
				</Compiler>
			</Target>
			<Target title="Release">
				<Option output="bin/Release/opengl-rpg" prefix_auto="1" extension_auto="1" />
				<Option object_output="obj/Release/" />
				<Option type="0" />
				<Option compiler="gcc" />
				<Compiler>
					<Add option="-O2" />
				</Compiler>
				<Linker>
					<Add option="-s" />
				</Linker>
			</Target>
		</Build>
		<Compiler>
			<Add option="-Wall" />
			<Add directory="/usr/include" />
		</Compiler>
		<Linker>
			<Add library="GL" />
			<Add library="X11" />
			<Add library="glfw" />
			<Add library="GLEW" />
		</Linker>
		<Unit filename="res/basic.shader" />
		<Unit filename="res/basic_texture.shader" />
		<Unit filename="res/fragment.shader" />
		<Unit filename="res/vertex.shader" />
		<Unit filename="src/gltest.cpp" />
		<Unit filename="src/gltest_backup.cpp">
			<Option compile="0" />
			<Option link="0" />
		</Unit>
		<Unit filename="src/gltest_many.cpp">
			<Option compile="0" />
			<Option link="0" />
		</Unit>
		<Unit filename="src/gltest_player_moves.cpp">
			<Option compile="0" />
			<Option link="0" />
		</Unit>
		<Unit filename="src/stb_image.h">
			<Option target="&lt;{~None~}&gt;" />
		</Unit>
		<Unit filename="src/stb_image_write.h" />
		<Extensions />
	</Project>
</CodeBlocks_project_file>
